
Microsoft Visual Studio Solution File, Format Version 12.00
# Visual Studio Version 16
VisualStudioVersion = 16.0.29920.165
MinimumVisualStudioVersion = 10.0.40219.1
Project("{FAE04EC0-301F-11D3-BF4B-00C04F79EFBC}") = "Vivienda", "Vivienda\Vivienda.csproj", "{599FBA7F-435F-4083-8913-D4FEBC2B12AB}"
EndProject
Project("{00D1A9C2-B5F0-4AF3-8072-F6C62B433612}") = "Database1", "Database1\Database1.sqlproj", "{BA5EAE2E-604B-433E-B7FB-06B8D1AA9941}"
EndProject
Global
	GlobalSection(SolutionConfigurationPlatforms) = preSolution
		Debug|Any CPU = Debug|Any CPU
		Release|Any CPU = Release|Any CPU
	EndGlobalSection
	GlobalSection(ProjectConfigurationPlatforms) = postSolution
		{599FBA7F-435F-4083-8913-D4FEBC2B12AB}.Debug|Any CPU.ActiveCfg = Debug|Any CPU
		{599FBA7F-435F-4083-8913-D4FEBC2B12AB}.Debug|Any CPU.Build.0 = Debug|Any CPU
		{599FBA7F-435F-4083-8913-D4FEBC2B12AB}.Release|Any CPU.ActiveCfg = Release|Any CPU
		{599FBA7F-435F-4083-8913-D4FEBC2B12AB}.Release|Any CPU.Build.0 = Release|Any CPU
		{BA5EAE2E-604B-433E-B7FB-06B8D1AA9941}.Debug|Any CPU.ActiveCfg = Debug|Any CPU
		{BA5EAE2E-604B-433E-B7FB-06B8D1AA9941}.Debug|Any CPU.Build.0 = Debug|Any CPU
		{BA5EAE2E-604B-433E-B7FB-06B8D1AA9941}.Debug|Any CPU.Deploy.0 = Debug|Any CPU
		{BA5EAE2E-604B-433E-B7FB-06B8D1AA9941}.Release|Any CPU.ActiveCfg = Release|Any CPU
		{BA5EAE2E-604B-433E-B7FB-06B8D1AA9941}.Release|Any CPU.Build.0 = Release|Any CPU
		{BA5EAE2E-604B-433E-B7FB-06B8D1AA9941}.Release|Any CPU.Deploy.0 = Release|Any CPU
	EndGlobalSection
	GlobalSection(SolutionProperties) = preSolution
		HideSolutionNode = FALSE
	EndGlobalSection
	GlobalSection(ExtensibilityGlobals) = postSolution
		SolutionGuid = {22D56623-9FD5-48B3-A739-9995058B63EA}
	EndGlobalSection
EndGlobal
